
Microsoft Visual Studio Solution File, Format Version 12.00
# Visual Studio Version 17
VisualStudioVersion = 17.11.34929.205
MinimumVisualStudioVersion = 10.0.40219.1
Project("{FAE04EC0-301F-11D3-BF4B-00C04F79EFBC}") = "CarsharingProject", "CarsharingProject\CarsharingProject.csproj", "{907DEE36-D16B-4AF8-B020-B1C96E35A881}"
EndProject
Project("{FAE04EC0-301F-11D3-BF4B-00C04F79EFBC}") = "CarsharingLibrary", "CarsharingLibrary\CarsharingLibrary.csproj", "{74BA0396-79BD-428A-9251-EB6E93D36EE1}"
EndProject
Global
	GlobalSection(SolutionConfigurationPlatforms) = preSolution
		Debug|Any CPU = Debug|Any CPU
		Release|Any CPU = Release|Any CPU
	EndGlobalSection
	GlobalSection(ProjectConfigurationPlatforms) = postSolution
		{907DEE36-D16B-4AF8-B020-B1C96E35A881}.Debug|Any CPU.ActiveCfg = Debug|Any CPU
		{907DEE36-D16B-4AF8-B020-B1C96E35A881}.Debug|Any CPU.Build.0 = Debug|Any CPU
		{907DEE36-D16B-4AF8-B020-B1C96E35A881}.Release|Any CPU.ActiveCfg = Release|Any CPU
		{907DEE36-D16B-4AF8-B020-B1C96E35A881}.Release|Any CPU.Build.0 = Release|Any CPU
		{74BA0396-79BD-428A-9251-EB6E93D36EE1}.Debug|Any CPU.ActiveCfg = Debug|Any CPU
		{74BA0396-79BD-428A-9251-EB6E93D36EE1}.Debug|Any CPU.Build.0 = Debug|Any CPU
		{74BA0396-79BD-428A-9251-EB6E93D36EE1}.Release|Any CPU.ActiveCfg = Release|Any CPU
		{74BA0396-79BD-428A-9251-EB6E93D36EE1}.Release|Any CPU.Build.0 = Release|Any CPU
	EndGlobalSection
	GlobalSection(SolutionProperties) = preSolution
		HideSolutionNode = FALSE
	EndGlobalSection
	GlobalSection(ExtensibilityGlobals) = postSolution
		SolutionGuid = {6970DBBC-0835-4CFC-9939-E9074BA3A044}
	EndGlobalSection
EndGlobal
